
Microsoft Visual Studio Solution File, Format Version 12.00
# Visual Studio 15
VisualStudioVersion = 15.0.28307.136
MinimumVisualStudioVersion = 10.0.40219.1
Project("{FAE04EC0-301F-11D3-BF4B-00C04F79EFBC}") = "WindowsFormsAppMVC", "WindowsFormsAppMVC\WindowsFormsAppMVC.csproj", "{4080A3F6-0C6C-4143-ACC7-B4169BB347A0}"
EndProject
Global
	GlobalSection(SolutionConfigurationPlatforms) = preSolution
		Debug|Any CPU = Debug|Any CPU
		Release|Any CPU = Release|Any CPU
	EndGlobalSection
	GlobalSection(ProjectConfigurationPlatforms) = postSolution
		{4080A3F6-0C6C-4143-ACC7-B4169BB347A0}.Debug|Any CPU.ActiveCfg = Debug|Any CPU
		{4080A3F6-0C6C-4143-ACC7-B4169BB347A0}.Debug|Any CPU.Build.0 = Debug|Any CPU
		{4080A3F6-0C6C-4143-ACC7-B4169BB347A0}.Release|Any CPU.ActiveCfg = Release|Any CPU
		{4080A3F6-0C6C-4143-ACC7-B4169BB347A0}.Release|Any CPU.Build.0 = Release|Any CPU
	EndGlobalSection
	GlobalSection(SolutionProperties) = preSolution
		HideSolutionNode = FALSE
	EndGlobalSection
	GlobalSection(ExtensibilityGlobals) = postSolution
		SolutionGuid = {937C5938-33A1-4B9B-9D8D-898BBAA0EC15}
	EndGlobalSection
EndGlobal
